github.com/PuerkitoBio/fetchbot v1.1.2 h1:HqNKNydMiCM6KhObMFtmnFV3R4hnBtutJl7W8i9XoBM=
github.com/PuerkitoBio/fetchbot v1.1.2/go.mod h1:/v6ayIKNATFGDuwjka1xtAVSf+IXXwONzNKqpjpVoHE=
github.com/PuerkitoBio/goquery v1.4.1 h1:smcIRGdYm/w7JSbcdeLHEMzxmsBQvl8lhf0dSw2nzMI=
github.com/PuerkitoBio/goquery v1.4.1/go.mod h1:T9ezsOHcCrDCgA8aF1Cqr3sSYbO/xgdy8/R/XiIMAhA=
github.com/andybalholm/cascadia v1.0.0 h1:hOCXnnZ5A+3eVDX8pvgl4kofXv2ELss0bKcqRySc45o=
github.com/andybalholm/cascadia v1.0.0/go.mod h1:GsXiBklL0woXo1j/WYWtSYYC4ouU9PqHO0sqidkEA4Y=
github.com/asaskevich/EventBus v0.0.0-20180315140547-d46933a94f05 h1:Shem5lRG4gJyrrg9YMIl7dOQazyWCq0Daz4LjompZ28=
github.com/asaskevich/EventBus v0.0.0-20180315140547-d46933a94f05/go.mod h1:JS7hed4L1fj0hXcyEejnW57/7LCetXggd+vwrRnYeII=
github.com/fatih/color v1.7.0 h1:DkWD4oS2D8LGGgTQ6IvwJJXSL5Vp2ffcQg58nFV38Ys=
github.com/fatih/color v1.7.0/go.mod h1:Zm6kSWBoL9eyXnKyktHP6abPY2pDugNf5KwzbycvMj4=
github.com/johnnadratowski/golang-neo4j-bolt-driver v0.0.0-20171218143611-1108d6e66ccf h1:MdIjqQxAkwca9be8XGc941HRNjnhFMuBhmsliaEYvQ0=
github.com/johnnadratowski/golang-neo4j-bolt-driver v0.0.0-20171218143611-1108d6e66ccf/go.mod h1:xwUw3ZE1/D9drQgpluhRs4peTMKm1tQEZ4p7DrpyqwE=
github.com/mattn/go-colorable v0.0.9 h1:UVL0vNpWh04HeJXV0KLcaT7r06gOH2l4OW6ddYRUIY4=
github.com/mattn/go-colorable v0.0.9/go.mod h1:9vuHe8Xs5qXnSaW/c/ABM9alt+Vo+STaOChaDxuIBZU=
github.com/mattn/go-isatty v0.0.3 h1:ns/ykhmWi7G9O+8a448SecJU3nSMBXJfqQkl0upE1jI=
github.com/mattn/go-isatty v0.0.3/go.mod h1:M+lRXTBqGeGNdLjl/ufCoiOlB5xdOkqRJdNxMWT7Zi4=
github.com/miekg/dns v1.0.8 h1:Zi8HNpze3NeRWH1PQV6O71YcvJRQ6j0lORO6DAEmAAI=
github.com/miekg/dns v1.0.8/go.mod h1:W1PPwlIAgtquWBMBEV9nkV9Cazfe8ScdGz/Lj7v3Nrg=
github.com/temoto/robotstxt-go v0.0.0-20170603013557-9e4646fa7053 h1:IVYy24qaWBdECsNCEunGPXyyfRt1wuCUQLXtVrU8/2s=
github.com/temoto/robotstxt-go v0.0.0-20170603013557-9e4646fa7053/go.mod h1:1g9HBNqEaZuLUJPl/V1bnFaplEBI8J/ZSRTtakhF9cM=
golang.org/x/crypto v0.0.0-20180621125126-a49355c7e3f8 h1:h7zdf0RiEvWbYBKIx4b+q41xoUVnMmvsGZnIVE5syG8=
golang.org/x/crypto v0.0.0-20180621125126-a49355c7e3f8/go.mod h1:6SG95UA2DQfeDnfUPMdvaQW0Q7yPrPDi9nlGo2tz2b4=
golang.org/x/crypto/ed25519 v0.0.0-20180621125126-a49355c7e3f8/go.mod h1:G7mAYYxgmS0lVkHyy2hEOLQCFB0DlQFTMLWggykrydY=
golang.org/x/net v0.0.0-20180218175443-cbe0f9307d01/go.mod h1:mL1N/T3taQHkDXs73rZJwtUhF3w3ftmwwsq0BUmARs4=
golang.org/x/net v0.0.0-20180706051357-32a936f46389 h1:U+zCn5sqaq+q4hrnMrz9sgrW1yatwEOUgYkGt3u9ZOU=
golang.org/x/net v0.0.0-20180706051357-32a936f46389/go.mod h1:mL1N/T3taQHkDXs73rZJwtUhF3w3ftmwwsq0BUmARs4=
golang.org/x/net/ipv4 v0.0.0-20180706051357-32a936f46389/go.mod h1:G7mAYYxgmS0lVkHyy2hEOLQCFB0DlQFTMLWggykrydY=
