# This file is autogenerated, do not edit; changes may be undone by the next 'dep ensure'.


[[projects]]
  digest = "1:064cb6ad3c31493d6c1485cf6d7d159665a1acbc9921722981a94125dd9e6ee9"
  name = "github.com/PuerkitoBio/fetchbot"
  packages = ["."]
  pruneopts = "UT"
  revision = "61eb5a10440a8313c73a7ff88602380872bff2ce"
  version = "v1.1.2"

[[projects]]
  digest = "1:a62f6ed230a8cd138a9efbe718e7d0b0294f139266f5f55cd942769a9aac8de2"
  name = "github.com/PuerkitoBio/goquery"
  packages = ["."]
  pruneopts = "UT"
  revision = "dc2ec5c7ca4d9aae063b79b9f581dd3ea6afd2b2"
  version = "v1.4.1"

[[projects]]
  digest = "1:66b3310cf22cdc96c35ef84ede4f7b9b370971c4025f394c89a2638729653b11"
  name = "github.com/andybalholm/cascadia"
  packages = ["."]
  pruneopts = "UT"
  revision = "901648c87902174f774fac311d7f176f8647bdaa"
  version = "v1.0.0"

[[projects]]
  branch = "master"
  digest = "1:e2a1ff1174d564ed4b75a62757f4a9081ed3b8c99ed17e47eb252b048b4ff018"
  name = "github.com/asaskevich/EventBus"
  packages = ["."]
  pruneopts = "UT"
  revision = "d46933a94f05c6657d7b923fcf5ac563ee37ec79"

[[projects]]
  branch = "master"
  digest = "1:33591945055c2d2bb82db58216a7d58bc0f6cdf34d30fcff8b9820e3a0d411cb"
  name = "github.com/caffix/amass"
  packages = ["amass/core"]
  pruneopts = "UT"
  revision = "1b04d135afff5d9d936b2e52e2d6cee13f45e79b"

[[projects]]
  digest = "1:865079840386857c809b72ce300be7580cb50d3d3129ce11bf9aa6ca2bc1934a"
  name = "github.com/fatih/color"
  packages = ["."]
  pruneopts = "UT"
  revision = "5b77d2a35fb0ede96d138fc9a99f5c9b6aef11b4"
  version = "v1.7.0"

[[projects]]
  digest = "1:a84e4a3d6264596bf3393dc4f434d314dbf8cd722e3452dfc3f0ba66dfa7f0a5"
  name = "github.com/irfansharif/cfilter"
  packages = ["."]
  pruneopts = "UT"
  revision = "6ad389892afd63fe7afd71f34b5d1276579827b9"
  version = "v0.1.1"

[[projects]]
  digest = "1:256ad89d8fbed3af4af38796c864e5b6fa7f629430076240677503f80bfa7a59"
  name = "github.com/johnnadratowski/golang-neo4j-bolt-driver"
  packages = [
    ".",
    "encoding",
    "errors",
    "log",
    "structures",
    "structures/graph",
    "structures/messages",
  ]
  pruneopts = "UT"
  revision = "2387cc1f01254d3a0055e034f5716278a1f420c7"
  version = "v0.1"

[[projects]]
  digest = "1:c658e84ad3916da105a761660dcaeb01e63416c8ec7bc62256a9b411a05fcd67"
  name = "github.com/mattn/go-colorable"
  packages = ["."]
  pruneopts = "UT"
  revision = "167de6bfdfba052fa6b2d3664c8f5272e23c9072"
  version = "v0.0.9"

[[projects]]
  digest = "1:0981502f9816113c9c8c4ac301583841855c8cf4da8c72f696b3ebedf6d0e4e5"
  name = "github.com/mattn/go-isatty"
  packages = ["."]
  pruneopts = "UT"
  revision = "6ca4dbf54d38eea1a992b3c722a76a5d1c4cb25c"
  version = "v0.0.4"

[[projects]]
  digest = "1:c22d250c583ec1136ecad8b74a43f408c08ddbbcbae715341ec4a49f332628e0"
  name = "github.com/miekg/dns"
  packages = ["."]
  pruneopts = "UT"
  revision = "915ca3d5ffd945235828a097c917311a9d86ebb4"
  version = "v1.0.14"

[[projects]]
  branch = "master"
  digest = "1:11cdcddc4e9072d0698be2a2b58b183654e1399d9c475987427ed0cb4f6f0039"
  name = "github.com/temoto/robotstxt-go"
  packages = ["."]
  pruneopts = "UT"
  revision = "97ee4a9ee6ea01ed0bbf0325dd789f74cac6cb94"

[[projects]]
  branch = "master"
  digest = "1:d5891c5bca9c62e5d394ca26491d2b710a1dc08cedeb0ca8f9ac4c3305120b02"
  name = "golang.org/x/crypto"
  packages = [
    "ed25519",
    "ed25519/internal/edwards25519",
  ]
  pruneopts = "UT"
  revision = "4d3f4d9ffa16a13f451c3b2999e9c49e9750bf06"

[[projects]]
  branch = "master"
  digest = "1:eceec1bdeb912f2aed8e5e9c8c81927649925095e1e4d5b85b331898fee06397"
  name = "golang.org/x/net"
  packages = [
    "bpf",
    "html",
    "html/atom",
    "internal/iana",
    "internal/socket",
    "ipv4",
    "ipv6",
  ]
  pruneopts = "UT"
  revision = "c10e9556a7bc0e7c942242b606f0acf024ad5d6a"

[[projects]]
  branch = "master"
  digest = "1:35560529f5721d65f36dc23aa15fbf7306c5091cdc3f29f65881af5031b80cc8"
  name = "golang.org/x/sys"
  packages = ["unix"]
  pruneopts = "UT"
  revision = "9b800f95dbbc54abff0acf7ee32d88ba4e328c89"

[solve-meta]
  analyzer-name = "dep"
  analyzer-version = 1
  input-imports = [
    "github.com/PuerkitoBio/fetchbot",
    "github.com/PuerkitoBio/goquery",
    "github.com/asaskevich/EventBus",
    "github.com/caffix/amass/amass/core",
    "github.com/fatih/color",
    "github.com/irfansharif/cfilter",
    "github.com/johnnadratowski/golang-neo4j-bolt-driver",
    "github.com/miekg/dns",
    "golang.org/x/sys/unix",
  ]
  solver-name = "gps-cdcl"
  solver-version = 1
