github.com/PuerkitoBio/fetchbot v1.1.2 h1:HqNKNydMiCM6KhObMFtmnFV3R4hnBtutJl7W8i9XoBM=
github.com/PuerkitoBio/fetchbot v1.1.2/go.mod h1:/v6ayIKNATFGDuwjka1xtAVSf+IXXwONzNKqpjpVoHE=
github.com/PuerkitoBio/goquery v1.4.1 h1:smcIRGdYm/w7JSbcdeLHEMzxmsBQvl8lhf0dSw2nzMI=
github.com/PuerkitoBio/goquery v1.4.1/go.mod h1:T9ezsOHcCrDCgA8aF1Cqr3sSYbO/xgdy8/R/XiIMAhA=
github.com/andybalholm/cascadia v1.0.0 h1:hOCXnnZ5A+3eVDX8pvgl4kofXv2ELss0bKcqRySc45o=
github.com/andybalholm/cascadia v1.0.0/go.mod h1:GsXiBklL0woXo1j/WYWtSYYC4ouU9PqHO0sqidkEA4Y=
github.com/asaskevich/EventBus v0.0.0-20180315140547-d46933a94f05 h1:Shem5lRG4gJyrrg9YMIl7dOQazyWCq0Daz4LjompZ28=
github.com/asaskevich/EventBus v0.0.0-20180315140547-d46933a94f05/go.mod h1:JS7hed4L1fj0hXcyEejnW57/7LCetXggd+vwrRnYeII=
github.com/johnnadratowski/golang-neo4j-bolt-driver v0.0.0-20180720234410-c68f22031e42 h1:GbFUbjtb5pyyrASR5KVgo3qnWzvp4CQXcr7tUl6uMxg=
github.com/johnnadratowski/golang-neo4j-bolt-driver v0.0.0-20180720234410-c68f22031e42/go.mod h1:xwUw3ZE1/D9drQgpluhRs4peTMKm1tQEZ4p7DrpyqwE=
github.com/miekg/dns v1.0.8 h1:Zi8HNpze3NeRWH1PQV6O71YcvJRQ6j0lORO6DAEmAAI=
github.com/miekg/dns v1.0.8/go.mod h1:W1PPwlIAgtquWBMBEV9nkV9Cazfe8ScdGz/Lj7v3Nrg=
github.com/temoto/robotstxt v0.0.0-20170603013557-9e4646fa7053 h1:yZpEd8aMDR3WRe3x/04CUHieSuSPM18P3bhLxp2zels=
github.com/temoto/robotstxt v0.0.0-20170603013557-9e4646fa7053/go.mod h1:aOux3gHPCftJ3KHq6Pz/AlDjYJ7Y+yKfm1gU/3B0u04=
github.com/temoto/robotstxt-go v0.0.0-20170603013557-9e4646fa7053 h1:IVYy24qaWBdECsNCEunGPXyyfRt1wuCUQLXtVrU8/2s=
github.com/temoto/robotstxt-go v0.0.0-20170603013557-9e4646fa7053/go.mod h1:1g9HBNqEaZuLUJPl/V1bnFaplEBI8J/ZSRTtakhF9cM=
golang.org/x/crypto v0.0.0-20180723164146-c126467f60eb h1:Ah9YqXLj6fEgeKqcmBuLCbAsrF3ScD7dJ/bYM0C6tXI=
golang.org/x/crypto v0.0.0-20180723164146-c126467f60eb/go.mod h1:6SG95UA2DQfeDnfUPMdvaQW0Q7yPrPDi9nlGo2tz2b4=
golang.org/x/net v0.0.0-20180218175443-cbe0f9307d01/go.mod h1:mL1N/T3taQHkDXs73rZJwtUhF3w3ftmwwsq0BUmARs4=
golang.org/x/net v0.0.0-20180724234803-3673e40ba225 h1:kNX+jCowfMYzvlSvJu5pQWEmyWFrBXJ3PBy10xKMXK8=
golang.org/x/net v0.0.0-20180724234803-3673e40ba225/go.mod h1:mL1N/T3taQHkDXs73rZJwtUhF3w3ftmwwsq0BUmARs4=
golang.org/x/sys v0.0.0-20180724212812-e072cadbbdc8 h1:7T3bTJEttnfJdEY+NY/VYT7IXRaul8potWiyw/n7LB8=
golang.org/x/sys v0.0.0-20180724212812-e072cadbbdc8/go.mod h1:STP8DvDyc/dI5b8T5hshtkjS+E42TnysNCUPdjciGhY=
golang.org/x/text v0.3.0 h1:g61tztE5qeGQ89tm6NTjjM9VPIm088od1l6aSorWRWg=
golang.org/x/text v0.3.0/go.mod h1:NqM8EUOU14njkJ3fqMW+pc6Ldnwhi/IjpwHt7yyuwOQ=
golang.org/x/tools v0.0.0-20180725152638-4d8a0ac9f66c h1:EgFQvauly2ossmNb3dCSs6Gk78qELjhBKti/fWJoRCA=
golang.org/x/tools v0.0.0-20180725152638-4d8a0ac9f66c/go.mod h1:n7NCudcB/nEzxVGmLbDWY5pfWTLqBcC2KZ6jyYvM4mQ=
